// !$*UTF8*$!
{
	archiveVersion = 1;
	classes = {
	};
	objectVersion = 50;
	objects = {

/* Begin PBXBuildFile section */
		CFB18A6820F663CA00B66F32 /* AppDelegate.swift in Sources */ = {isa = PBXBuildFile; fileRef = CFB18A6720F663CA00B66F32 /* AppDelegate.swift */; };
		CFB18A6A20F663CA00B66F32 /* ViewController.swift in Sources */ = {isa = PBXBuildFile; fileRef = CFB18A6920F663CA00B66F32 /* ViewController.swift */; };
		CFB18A6D20F663CA00B66F32 /* Main.storyboard in Resources */ = {isa = PBXBuildFile; fileRef = CFB18A6B20F663CA00B66F32 /* Main.storyboard */; };
		CFB18A7020F663CA00B66F32 /* ToDoList.xcdatamodeld in Sources */ = {isa = PBXBuildFile; fileRef = CFB18A6E20F663CA00B66F32 /* ToDoList.xcdatamodeld */; };
		CFB18A7220F663CB00B66F32 /* Assets.xcassets in Resources */ = {isa = PBXBuildFile; fileRef = CFB18A7120F663CB00B66F32 /* Assets.xcassets */; };
		CFB18A7520F663CB00B66F32 /* LaunchScreen.storyboard in Resources */ = {isa = PBXBuildFile; fileRef = CFB18A7320F663CB00B66F32 /* LaunchScreen.storyboard */; };
		CFB18A7D20F6691B00B66F32 /* CustomCell.swift in Sources */ = {isa = PBXBuildFile; fileRef = CFB18A7C20F6691B00B66F32 /* CustomCell.swift */; };
		CFB18A7F20F6764E00B66F32 /* AddVCViewController.swift in Sources */ = {isa = PBXBuildFile; fileRef = CFB18A7E20F6764E00B66F32 /* AddVCViewController.swift */; };
/* End PBXBuildFile section */

/* Begin PBXFileReference section */
		CFB18A6420F663CA00B66F32 /* ToDoList.app */ = {isa = PBXFileReference; explicitFileType = wrapper.application; includeInIndex = 0; path = ToDoList.app; sourceTree = BUILT_PRODUCTS_DIR; };
		CFB18A6720F663CA00B66F32 /* AppDelegate.swift */ = {isa = PBXFileReference; lastKnownFileType = sourcecode.swift; path = AppDelegate.swift; sourceTree = "<group>"; };
		CFB18A6920F663CA00B66F32 /* ViewController.swift */ = {isa = PBXFileReference; lastKnownFileType = sourcecode.swift; path = ViewController.swift; sourceTree = "<group>"; };
		CFB18A6C20F663CA00B66F32 /* Base */ = {isa = PBXFileReference; lastKnownFileType = file.storyboard; name = Base; path = Base.lproj/Main.storyboard; sourceTree = "<group>"; };
		CFB18A6F20F663CA00B66F32 /* ToDoList.xcdatamodel */ = {isa = PBXFileReference; lastKnownFileType = wrapper.xcdatamodel; path = ToDoList.xcdatamodel; sourceTree = "<group>"; };
		CFB18A7120F663CB00B66F32 /* Assets.xcassets */ = {isa = PBXFileReference; lastKnownFileType = folder.assetcatalog; path = Assets.xcassets; sourceTree = "<group>"; };
		CFB18A7420F663CB00B66F32 /* Base */ = {isa = PBXFileReference; lastKnownFileType = file.storyboard; name = Base; path = Base.lproj/LaunchScreen.storyboard; sourceTree = "<group>"; };
		CFB18A7620F663CB00B66F32 /* Info.plist */ = {isa = PBXFileReference; lastKnownFileType = text.plist.xml; path = Info.plist; sourceTree = "<group>"; };
		CFB18A7C20F6691B00B66F32 /* CustomCell.swift */ = {isa = PBXFileReference; lastKnownFileType = sourcecode.swift; path = CustomCell.swift; sourceTree = "<group>"; };
		CFB18A7E20F6764E00B66F32 /* AddVCViewController.swift */ = {isa = PBXFileReference; lastKnownFileType = sourcecode.swift; path = AddVCViewController.swift; sourceTree = "<group>"; };
/* End PBXFileReference section */

/* Begin PBXFrameworksBuildPhase section */
		CFB18A6120F663CA00B66F32 /* Frameworks */ = {
			isa = PBXFrameworksBuildPhase;
			buildActionMask = 2147483647;
			files = (
			);
			runOnlyForDeploymentPostprocessing = 0;
		};
/* End PBXFrameworksBuildPhase section */

/* Begin PBXGroup section */
		CFB18A5B20F663CA00B66F32 = {
			isa = PBXGroup;
			children = (
				CFB18A6620F663CA00B66F32 /* ToDoList */,
				CFB18A6520F663CA00B66F32 /* Products */,
			);
			sourceTree = "<group>";
		};
		CFB18A6520F663CA00B66F32 /* Products */ = {
			isa = PBXGroup;
			children = (
				CFB18A6420F663CA00B66F32 /* ToDoList.app */,
			);
			name = Products;
			sourceTree = "<group>";
		};
		CFB18A6620F663CA00B66F32 /* ToDoList */ = {
			isa = PBXGroup;
			children = (
				CFB18A7E20F6764E00B66F32 /* AddVCViewController.swift */,
				CFB18A7C20F6691B00B66F32 /* CustomCell.swift */,
				CFB18A6720F663CA00B66F32 /* AppDelegate.swift */,
				CFB18A6920F663CA00B66F32 /* ViewController.swift */,
				CFB18A6B20F663CA00B66F32 /* Main.storyboard */,
				CFB18A7120F663CB00B66F32 /* Assets.xcassets */,
				CFB18A7320F663CB00B66F32 /* LaunchScreen.storyboard */,
				CFB18A7620F663CB00B66F32 /* Info.plist */,
				CFB18A6E20F663CA00B66F32 /* ToDoList.xcdatamodeld */,
			);
			path = ToDoList;
			sourceTree = "<group>";
		};
/* End PBXGroup section */

/* Begin PBXNativeTarget section */
		CFB18A6320F663CA00B66F32 /* ToDoList */ = {
			isa = PBXNativeTarget;
			buildConfigurationList = CFB18A7920F663CB00B66F32 /* Build configuration list for PBXNativeTarget "ToDoList" */;
			buildPhases = (
				CFB18A6020F663CA00B66F32 /* Sources */,
				CFB18A6120F663CA00B66F32 /* Frameworks */,
				CFB18A6220F663CA00B66F32 /* Resources */,
			);
			buildRules = (
			);
			dependencies = (
			);
			name = ToDoList;
			productName = ToDoList;
			productReference = CFB18A6420F663CA00B66F32 /* ToDoList.app */;
			productType = "com.apple.product-type.application";
		};
/* End PBXNativeTarget section */

/* Begin PBXProject section */
		CFB18A5C20F663CA00B66F32 /* Project object */ = {
			isa = PBXProject;
			attributes = {
				LastSwiftUpdateCheck = 0940;
				LastUpgradeCheck = 0940;
				ORGANIZATIONNAME = AshwinMahesh;
				TargetAttributes = {
					CFB18A6320F663CA00B66F32 = {
						CreatedOnToolsVersion = 9.4.1;
					};
				};
			};
			buildConfigurationList = CFB18A5F20F663CA00B66F32 /* Build configuration list for PBXProject "ToDoList" */;
			compatibilityVersion = "Xcode 9.3";
			developmentRegion = en;
			hasScannedForEncodings = 0;
			knownRegions = (
				en,
				Base,
			);
			mainGroup = CFB18A5B20F663CA00B66F32;
			productRefGroup = CFB18A6520F663CA00B66F32 /* Products */;
			projectDirPath = "";
			projectRoot = "";
			targets = (
				CFB18A6320F663CA00B66F32 /* ToDoList */,
			);
		};
/* End PBXProject section */

/* Begin PBXResourcesBuildPhase section */
		CFB18A6220F663CA00B66F32 /* Resources */ = {
			isa = PBXResourcesBuildPhase;
			buildActionMask = 2147483647;
			files = (
				CFB18A7520F663CB00B66F32 /* LaunchScreen.storyboard in Resources */,
				CFB18A7220F663CB00B66F32 /* Assets.xcassets in Resources */,
				CFB18A6D20F663CA00B66F32 /* Main.storyboard in Resources */,
			);
			runOnlyForDeploymentPostprocessing = 0;
		};
/* End PBXResourcesBuildPhase section */

/* Begin PBXSourcesBuildPhase section */
		CFB18A6020F663CA00B66F32 /* Sources */ = {
			isa = PBXSourcesBuildPhase;
			buildActionMask = 2147483647;
			files = (
				CFB18A6A20F663CA00B66F32 /* ViewController.swift in Sources */,
				CFB18A7020F663CA00B66F32 /* ToDoList.xcdatamodeld in Sources */,
				CFB18A7D20F6691B00B66F32 /* CustomCell.swift in Sources */,
				CFB18A7F20F6764E00B66F32 /* AddVCViewController.swift in Sources */,
				CFB18A6820F663CA00B66F32 /* AppDelegate.swift in Sources */,
			);
			runOnlyForDeploymentPostprocessing = 0;
		};
/* End PBXSourcesBuildPhase section */

/* Begin PBXVariantGroup section */
		CFB18A6B20F663CA00B66F32 /* Main.storyboard */ = {
			isa = PBXVariantGroup;
			children = (
				CFB18A6C20F663CA00B66F32 /* Base */,
			);
			name = Main.storyboard;
			sourceTree = "<group>";
		};
		CFB18A7320F663CB00B66F32 /* LaunchScreen.storyboard */ = {
			isa = PBXVariantGroup;
			children = (
				CFB18A7420F663CB00B66F32 /* Base */,
			);
			name = LaunchScreen.storyboard;
			sourceTree = "<group>";
		};
/* End PBXVariantGroup section */

/* Begin XCBuildConfiguration section */
		CFB18A7720F663CB00B66F32 /* Debug */ = {
			isa = XCBuildConfiguration;
			buildSettings = {
				ALWAYS_SEARCH_USER_PATHS = NO;
				CLANG_ANALYZER_NONNULL = YES;
				CLANG_ANALYZER_NUMBER_OBJECT_CONVERSION = YES_AGGRESSIVE;
				CLANG_CXX_LANGUAGE_STANDARD = "gnu++14";
				CLANG_CXX_LIBRARY = "libc++";
				CLANG_ENABLE_MODULES = YES;
				CLANG_ENABLE_OBJC_ARC = YES;
				CLANG_ENABLE_OBJC_WEAK = YES;
				CLANG_WARN_BLOCK_CAPTURE_AUTORELEASING = YES;
				CLANG_WARN_BOOL_CONVERSION = YES;
				CLANG_WARN_COMMA = YES;
				CLANG_WARN_CONSTANT_CONVERSION = YES;
				CLANG_WARN_DEPRECATED_OBJC_IMPLEMENTATIONS = YES;
				CLANG_WARN_DIRECT_OBJC_ISA_USAGE = YES_ERROR;
				CLANG_WARN_DOCUMENTATION_COMMENTS = YES;
				CLANG_WARN_EMPTY_BODY = YES;
				CLANG_WARN_ENUM_CONVERSION = YES;
				CLANG_WARN_INFINITE_RECURSION = YES;
				CLANG_WARN_INT_CONVERSION = YES;
				CLANG_WARN_NON_LITERAL_NULL_CONVERSION = YES;
				CLANG_WARN_OBJC_IMPLICIT_RETAIN_SELF = YES;
				CLANG_WARN_OBJC_LITERAL_CONVERSION = YES;
				CLANG_WARN_OBJC_ROOT_CLASS = YES_ERROR;
				CLANG_WARN_RANGE_LOOP_ANALYSIS = YES;
				CLANG_WARN_STRICT_PROTOTYPES = YES;
				CLANG_WARN_SUSPICIOUS_MOVE = YES;
				CLANG_WARN_UNGUARDED_AVAILABILITY = YES_AGGRESSIVE;
				CLANG_WARN_UNREACHABLE_CODE = YES;
				CLANG_WARN__DUPLICATE_METHOD_MATCH = YES;
				CODE_SIGN_IDENTITY = "iPhone Developer";
				COPY_PHASE_STRIP = NO;
				DEBUG_INFORMATION_FORMAT = dwarf;
				ENABLE_STRICT_OBJC_MSGSEND = YES;
				ENABLE_TESTABILITY = YES;
				GCC_C_LANGUAGE_STANDARD = gnu11;
				GCC_DYNAMIC_NO_PIC = NO;
				GCC_NO_COMMON_BLOCKS = YES;
				GCC_OPTIMIZATION_LEVEL = 0;
				GCC_PREPROCESSOR_DEFINITIONS = (
					"DEBUG=1",
					"$(inherited)",
				);
				GCC_WARN_64_TO_32_BIT_CONVERSION = YES;
				GCC_WARN_ABOUT_RETURN_TYPE = YES_ERROR;
				GCC_WARN_UNDECLARED_SELECTOR = YES;
				GCC_WARN_UNINITIALIZED_AUTOS = YES_AGGRESSIVE;
				GCC_WARN_UNUSED_FUNCTION = YES;
				GCC_WARN_UNUSED_VARIABLE = YES;
				IPHONEOS_DEPLOYMENT_TARGET = 11.4;
				MTL_ENABLE_DEBUG_INFO = YES;
				ONLY_ACTIVE_ARCH = YES;
				SDKROOT = iphoneos;
				SWIFT_ACTIVE_COMPILATION_CONDITIONS = DEBUG;
				SWIFT_OPTIMIZATION_LEVEL = "-Onone";
			};
			name = Debug;
		};
		CFB18A7820F663CB00B66F32 /* Release */ = {
			isa = XCBuildConfiguration;
			buildSettings = {
				ALWAYS_SEARCH_USER_PATHS = NO;
				CLANG_ANALYZER_NONNULL = YES;
				CLANG_ANALYZER_NUMBER_OBJECT_CONVERSION = YES_AGGRESSIVE;
				CLANG_CXX_LANGUAGE_STANDARD = "gnu++14";
				CLANG_CXX_LIBRARY = "libc++";
				CLANG_ENABLE_MODULES = YES;
				CLANG_ENABLE_OBJC_ARC = YES;
				CLANG_ENABLE_OBJC_WEAK = YES;
				CLANG_WARN_BLOCK_CAPTURE_AUTORELEASING = YES;
				CLANG_WARN_BOOL_CONVERSION = YES;
				CLANG_WARN_COMMA = YES;
				CLANG_WARN_CONSTANT_CONVERSION = YES;
				CLANG_WARN_DEPRECATED_OBJC_IMPLEMENTATIONS = YES;
				CLANG_WARN_DIRECT_OBJC_ISA_USAGE = YES_ERROR;
				CLANG_WARN_DOCUMENTATION_COMMENTS = YES;
				CLANG_WARN_EMPTY_BODY = YES;
				CLANG_WARN_ENUM_CONVERSION = YES;
				CLANG_WARN_INFINITE_RECURSION = YES;
				CLANG_WARN_INT_CONVERSION = YES;
				CLANG_WARN_NON_LITERAL_NULL_CONVERSION = YES;
				CLANG_WARN_OBJC_IMPLICIT_RETAIN_SELF = YES;
				CLANG_WARN_OBJC_LITERAL_CONVERSION = YES;
				CLANG_WARN_OBJC_ROOT_CLASS = YES_ERROR;
				CLANG_WARN_RANGE_LOOP_ANALYSIS = YES;
				CLANG_WARN_STRICT_PROTOTYPES = YES;
				CLANG_WARN_SUSPICIOUS_MOVE = YES;
				CLANG_WARN_UNGUARDED_AVAILABILITY = YES_AGGRESSIVE;
				CLANG_WARN_UNREACHABLE_CODE = YES;
				CLANG_WARN__DUPLICATE_METHOD_MATCH = YES;
				CODE_SIGN_IDENTITY = "iPhone Developer";
				COPY_PHASE_STRIP = NO;
				DEBUG_INFORMATION_FORMAT = "dwarf-with-dsym";
				ENABLE_NS_ASSERTIONS = NO;
				ENABLE_STRICT_OBJC_MSGSEND = YES;
				GCC_C_LANGUAGE_STANDARD = gnu11;
				GCC_NO_COMMON_BLOCKS = YES;
				GCC_WARN_64_TO_32_BIT_CONVERSION = YES;
				GCC_WARN_ABOUT_RETURN_TYPE = YES_ERROR;
				GCC_WARN_UNDECLARED_SELECTOR = YES;
				GCC_WARN_UNINITIALIZED_AUTOS = YES_AGGRESSIVE;
				GCC_WARN_UNUSED_FUNCTION = YES;
				GCC_WARN_UNUSED_VARIABLE = YES;
				IPHONEOS_DEPLOYMENT_TARGET = 11.4;
				MTL_ENABLE_DEBUG_INFO = NO;
				SDKROOT = iphoneos;
				SWIFT_COMPILATION_MODE = wholemodule;
				SWIFT_OPTIMIZATION_LEVEL = "-O";
				VALIDATE_PRODUCT = YES;
			};
			name = Release;
		};
		CFB18A7A20F663CB00B66F32 /* Debug */ = {
			isa = XCBuildConfiguration;
			buildSettings = {
				ASSETCATALOG_COMPILER_APPICON_NAME = AppIcon;
				CODE_SIGN_STYLE = Automatic;
				DEVELOPMENT_TEAM = VQ9PY5C74Q;
				INFOPLIST_FILE = ToDoList/Info.plist;
				LD_RUNPATH_SEARCH_PATHS = (
					"$(inherited)",
					"@executable_path/Frameworks",
				);
				PRODUCT_BUNDLE_IDENTIFIER = com.ashwinmahesh.ToDoList;
				PRODUCT_NAME = "$(TARGET_NAME)";
				SWIFT_VERSION = 4.0;
				TARGETED_DEVICE_FAMILY = "1,2";
			};
			name = Debug;
		};
		CFB18A7B20F663CB00B66F32 /* Release */ = {
			isa = XCBuildConfiguration;
			buildSettings = {
				ASSETCATALOG_COMPILER_APPICON_NAME = AppIcon;
				CODE_SIGN_STYLE = Automatic;
				DEVELOPMENT_TEAM = VQ9PY5C74Q;
				INFOPLIST_FILE = ToDoList/Info.plist;
				LD_RUNPATH_SEARCH_PATHS = (
					"$(inherited)",
					"@executable_path/Frameworks",
				);
				PRODUCT_BUNDLE_IDENTIFIER = com.ashwinmahesh.ToDoList;
				PRODUCT_NAME = "$(TARGET_NAME)";
				SWIFT_VERSION = 4.0;
				TARGETED_DEVICE_FAMILY = "1,2";
			};
			name = Release;
		};
/* End XCBuildConfiguration section */

/* Begin XCConfigurationList section */
		CFB18A5F20F663CA00B66F32 /* Build configuration list for PBXProject "ToDoList" */ = {
			isa = XCConfigurationList;
			buildConfigurations = (
				CFB18A7720F663CB00B66F32 /* Debug */,
				CFB18A7820F663CB00B66F32 /* Release */,
			);
			defaultConfigurationIsVisible = 0;
			defaultConfigurationName = Release;
		};
		CFB18A7920F663CB00B66F32 /* Build configuration list for PBXNativeTarget "ToDoList" */ = {
			isa = XCConfigurationList;
			buildConfigurations = (
				CFB18A7A20F663CB00B66F32 /* Debug */,
				CFB18A7B20F663CB00B66F32 /* Release */,
			);
			defaultConfigurationIsVisible = 0;
			defaultConfigurationName = Release;
		};
/* End XCConfigurationList section */

/* Begin XCVersionGroup section */
		CFB18A6E20F663CA00B66F32 /* ToDoList.xcdatamodeld */ = {
			isa = XCVersionGroup;
			children = (
				CFB18A6F20F663CA00B66F32 /* ToDoList.xcdatamodel */,
			);
			currentVersion = CFB18A6F20F663CA00B66F32 /* ToDoList.xcdatamodel */;
			path = ToDoList.xcdatamodeld;
			sourceTree = "<group>";
			versionGroupType = wrapper.xcdatamodel;
		};
/* End XCVersionGroup section */
	};
	rootObject = CFB18A5C20F663CA00B66F32 /* Project object */;
}
